
Microsoft Visual Studio Solution File, Format Version 12.00
# Visual Studio 14
VisualStudioVersion = 14.0.25420.1
MinimumVisualStudioVersion = 10.0.40219.1
Project("{8BC9CEB8-8B4A-11D0-8D11-00A0C91BC942}") = "Rogue3DS", "Rogue3DS.vcxproj", "{77759511-FA13-4DAF-9E8E-E38B3DBA0883}"
EndProject
Global
	GlobalSection(SolutionConfigurationPlatforms) = preSolution
		3DS|ARM-x86 = 3DS|ARM-x86
		PC-Debug|ARM-x86 = PC-Debug|ARM-x86
		PC-Release|ARM-x86 = PC-Release|ARM-x86
		Vita|ARM-x86 = Vita|ARM-x86
	EndGlobalSection
	GlobalSection(ProjectConfigurationPlatforms) = postSolution
		{77759511-FA13-4DAF-9E8E-E38B3DBA0883}.3DS|ARM-x86.ActiveCfg = 3DS|Win32
		{77759511-FA13-4DAF-9E8E-E38B3DBA0883}.3DS|ARM-x86.Build.0 = 3DS|Win32
		{77759511-FA13-4DAF-9E8E-E38B3DBA0883}.PC-Debug|ARM-x86.ActiveCfg = PC-Debug|Win32
		{77759511-FA13-4DAF-9E8E-E38B3DBA0883}.PC-Debug|ARM-x86.Build.0 = PC-Debug|Win32
		{77759511-FA13-4DAF-9E8E-E38B3DBA0883}.PC-Release|ARM-x86.ActiveCfg = PC|Win32
		{77759511-FA13-4DAF-9E8E-E38B3DBA0883}.PC-Release|ARM-x86.Build.0 = PC|Win32
		{77759511-FA13-4DAF-9E8E-E38B3DBA0883}.Vita|ARM-x86.ActiveCfg = Vita|Win32
		{77759511-FA13-4DAF-9E8E-E38B3DBA0883}.Vita|ARM-x86.Build.0 = Vita|Win32
	EndGlobalSection
	GlobalSection(SolutionProperties) = preSolution
		HideSolutionNode = FALSE
	EndGlobalSection
EndGlobal
