
Microsoft Visual Studio Solution File, Format Version 12.00
# Visual Studio 14
VisualStudioVersion = 14.0.24720.0
MinimumVisualStudioVersion = 10.0.40219.1
Project("{8BC9CEB8-8B4A-11D0-8D11-00A0C91BC942}") = "Rogue3DS", "Rogue3DS.vcxproj", "{9DFE7510-D45C-4514-A2DC-2B6C72F8B6F4}"
EndProject
Global
	GlobalSection(SolutionConfigurationPlatforms) = preSolution
		Debug|3DS = Debug|3DS
		Release|3DS = Release|3DS
	EndGlobalSection
	GlobalSection(ProjectConfigurationPlatforms) = postSolution
		{9DFE7510-D45C-4514-A2DC-2B6C72F8B6F4}.Debug|3DS.ActiveCfg = Debug|ARM
		{9DFE7510-D45C-4514-A2DC-2B6C72F8B6F4}.Debug|3DS.Build.0 = Debug|ARM
		{9DFE7510-D45C-4514-A2DC-2B6C72F8B6F4}.Release|3DS.ActiveCfg = Release|ARM
		{9DFE7510-D45C-4514-A2DC-2B6C72F8B6F4}.Release|3DS.Build.0 = Release|ARM
	EndGlobalSection
	GlobalSection(SolutionProperties) = preSolution
		HideSolutionNode = FALSE
	EndGlobalSection
EndGlobal
